
Microsoft Visual Studio Solution File, Format Version 12.00
# Visual Studio 14
VisualStudioVersion = 14.0.23107.0
MinimumVisualStudioVersion = 10.0.40219.1
Project("{2150E333-8FDC-42A3-9474-1A3956D46DE8}") = "5_Infrastructure", "5_Infrastructure", "{994BA298-1147-44D3-A2BA-3A5C297914AD}"
EndProject
Project("{2150E333-8FDC-42A3-9474-1A3956D46DE8}") = "6_Test", "6_Test", "{D61CC2E7-DA52-4642-B2DE-C0324C933A65}"
EndProject
Project("{FAE04EC0-301F-11D3-BF4B-00C04F79EFBC}") = "Framework.Infrastructure.Container", "5_Infrastructure\Framework.Infrastructure.Container\Framework.Infrastructure.Container.csproj", "{F3290E90-FF3B-41E3-9369-2DD497A6054B}"
EndProject
Project("{FAE04EC0-301F-11D3-BF4B-00C04F79EFBC}") = "Framework.Infrastructure.MemoryMappedFile", "5_Infrastructure\Framework.Infrastructure.MemoryMappedFile\Framework.Infrastructure.MemoryMappedFile.csproj", "{EB5BC8C0-BA21-4CC5-A91E-1468017CA15C}"
EndProject
Project("{FAE04EC0-301F-11D3-BF4B-00C04F79EFBC}") = "Framework.Infrastructure.Repository", "5_Infrastructure\Framework.Infrastructure.Repository\Framework.Infrastructure.Repository.csproj", "{EC6C563D-04AC-4EB0-B570-4C458746F230}"
EndProject
Project("{FAE04EC0-301F-11D3-BF4B-00C04F79EFBC}") = "Framework.Infrastructure.Repository.EntityFramework", "5_Infrastructure\Framework.Infrastructure.Repository.EntityFramework\Framework.Infrastructure.Repository.EntityFramework.csproj", "{4A960F2A-4215-442D-9FE7-DA7B45A95615}"
EndProject
Project("{FAE04EC0-301F-11D3-BF4B-00C04F79EFBC}") = "Framework.Infrastructure.MemoryMappedFile.Test", "6_Test\Framework.Infrastructure.MemoryMappedFile.Test\Framework.Infrastructure.MemoryMappedFile.Test.csproj", "{425C57E2-B5B5-4CF7-BAFA-C654FD5762B9}"
EndProject
Project("{FAE04EC0-301F-11D3-BF4B-00C04F79EFBC}") = "ReleaseProject", "ReleaseProject\ReleaseProject.csproj", "{9261B9C1-7A7A-4D10-9FB6-BFC65D65BBA6}"
EndProject
Project("{2150E333-8FDC-42A3-9474-1A3956D46DE8}") = "7_SqliteDemo", "7_SqliteDemo", "{040EC018-9ED1-4C41-953E-D2D151CD1DA3}"
EndProject
Project("{FAE04EC0-301F-11D3-BF4B-00C04F79EFBC}") = "Framework.EntityFramework.Sqlite", "7_SqliteDemo\Framework.EntityFramework.Sqlite.csproj", "{C6C6B9FE-20D0-482D-B2DE-AE1D842665E7}"
EndProject
Project("{FAE04EC0-301F-11D3-BF4B-00C04F79EFBC}") = "Framework.Infrastructure.Repository.EF.SQLite", "5_Infrastructure\Framework.Infrastructure.Repository.EF.SQLite\Framework.Infrastructure.Repository.EF.SQLite.csproj", "{FAFC5BB1-85F0-4E93-9744-9ED3BCE2423C}"
EndProject
Project("{FAE04EC0-301F-11D3-BF4B-00C04F79EFBC}") = "Framework.Infrastructure.Repository.EF.SQLServer", "5_Infrastructure\Framework.Infrastructure.Repository.EF.SQLServer\Framework.Infrastructure.Repository.EF.SQLServer.csproj", "{3A849B17-5054-454B-9405-5422B45B714D}"
EndProject
Project("{FAE04EC0-301F-11D3-BF4B-00C04F79EFBC}") = "Framework.Infrastructure.Repository.EF", "5_Infrastructure\Framework.Infrastructure.Repository.EF\Framework.Infrastructure.Repository.EF.csproj", "{56A6CF15-CBCD-416E-9783-40CA8C875175}"
EndProject
Project("{FAE04EC0-301F-11D3-BF4B-00C04F79EFBC}") = "Test.Infrastructure.Repository.EF", "6_Test\Test.Infrastructure.Repository.EF\Test.Infrastructure.Repository.EF.csproj", "{1EE58D8C-6C0E-4E22-BDAF-1056046A38ED}"
EndProject
Project("{FAE04EC0-301F-11D3-BF4B-00C04F79EFBC}") = "Framework.Infrastructure.Repository.EF.MySql", "5_Infrastructure\Framework.Infrastructure.Repository.EF.MySql\Framework.Infrastructure.Repository.EF.MySql.csproj", "{A03FE3DC-0F2A-4C1D-9B8D-56C971BE78EF}"
EndProject
Project("{FAE04EC0-301F-11D3-BF4B-00C04F79EFBC}") = "Test.Infrastructure.Repository.EF.Metadata", "6_Test\Test.Infrastructure.Repository.EF.Metadata\Test.Infrastructure.Repository.EF.Metadata.csproj", "{7B680A68-F44F-4AC9-983E-075DD46DDBBC}"
EndProject
Project("{FAE04EC0-301F-11D3-BF4B-00C04F79EFBC}") = "Test.Infrastructure.Repository.EF.Config", "6_Test\Test.Infrastructure.Repository.EF.Config\Test.Infrastructure.Repository.EF.Config.csproj", "{287B9976-E6E9-4579-B7DA-38B11ECD185A}"
EndProject
Project("{2150E333-8FDC-42A3-9474-1A3956D46DE8}") = "Test.EntityFramework", "Test.EntityFramework", "{966B2C24-8259-4E1A-A2DE-45BDF99CA59B}"
EndProject
Global
	GlobalSection(SolutionConfigurationPlatforms) = preSolution
		Debug|Any CPU = Debug|Any CPU
		Release|Any CPU = Release|Any CPU
	EndGlobalSection
	GlobalSection(ProjectConfigurationPlatforms) = postSolution
		{F3290E90-FF3B-41E3-9369-2DD497A6054B}.Debug|Any CPU.ActiveCfg = Debug|Any CPU
		{F3290E90-FF3B-41E3-9369-2DD497A6054B}.Debug|Any CPU.Build.0 = Debug|Any CPU
		{F3290E90-FF3B-41E3-9369-2DD497A6054B}.Release|Any CPU.ActiveCfg = Release|Any CPU
		{F3290E90-FF3B-41E3-9369-2DD497A6054B}.Release|Any CPU.Build.0 = Release|Any CPU
		{EB5BC8C0-BA21-4CC5-A91E-1468017CA15C}.Debug|Any CPU.ActiveCfg = Debug|Any CPU
		{EB5BC8C0-BA21-4CC5-A91E-1468017CA15C}.Debug|Any CPU.Build.0 = Debug|Any CPU
		{EB5BC8C0-BA21-4CC5-A91E-1468017CA15C}.Release|Any CPU.ActiveCfg = Release|Any CPU
		{EB5BC8C0-BA21-4CC5-A91E-1468017CA15C}.Release|Any CPU.Build.0 = Release|Any CPU
		{EC6C563D-04AC-4EB0-B570-4C458746F230}.Debug|Any CPU.ActiveCfg = Debug|Any CPU
		{EC6C563D-04AC-4EB0-B570-4C458746F230}.Debug|Any CPU.Build.0 = Debug|Any CPU
		{EC6C563D-04AC-4EB0-B570-4C458746F230}.Release|Any CPU.ActiveCfg = Release|Any CPU
		{EC6C563D-04AC-4EB0-B570-4C458746F230}.Release|Any CPU.Build.0 = Release|Any CPU
		{4A960F2A-4215-442D-9FE7-DA7B45A95615}.Debug|Any CPU.ActiveCfg = Debug|Any CPU
		{4A960F2A-4215-442D-9FE7-DA7B45A95615}.Debug|Any CPU.Build.0 = Debug|Any CPU
		{4A960F2A-4215-442D-9FE7-DA7B45A95615}.Release|Any CPU.ActiveCfg = Release|Any CPU
		{4A960F2A-4215-442D-9FE7-DA7B45A95615}.Release|Any CPU.Build.0 = Release|Any CPU
		{425C57E2-B5B5-4CF7-BAFA-C654FD5762B9}.Debug|Any CPU.ActiveCfg = Debug|Any CPU
		{425C57E2-B5B5-4CF7-BAFA-C654FD5762B9}.Debug|Any CPU.Build.0 = Debug|Any CPU
		{425C57E2-B5B5-4CF7-BAFA-C654FD5762B9}.Release|Any CPU.ActiveCfg = Release|Any CPU
		{425C57E2-B5B5-4CF7-BAFA-C654FD5762B9}.Release|Any CPU.Build.0 = Release|Any CPU
		{9261B9C1-7A7A-4D10-9FB6-BFC65D65BBA6}.Debug|Any CPU.ActiveCfg = Debug|Any CPU
		{9261B9C1-7A7A-4D10-9FB6-BFC65D65BBA6}.Debug|Any CPU.Build.0 = Debug|Any CPU
		{9261B9C1-7A7A-4D10-9FB6-BFC65D65BBA6}.Release|Any CPU.ActiveCfg = Release|Any CPU
		{9261B9C1-7A7A-4D10-9FB6-BFC65D65BBA6}.Release|Any CPU.Build.0 = Release|Any CPU
		{C6C6B9FE-20D0-482D-B2DE-AE1D842665E7}.Debug|Any CPU.ActiveCfg = Debug|Any CPU
		{C6C6B9FE-20D0-482D-B2DE-AE1D842665E7}.Debug|Any CPU.Build.0 = Debug|Any CPU
		{C6C6B9FE-20D0-482D-B2DE-AE1D842665E7}.Release|Any CPU.ActiveCfg = Release|Any CPU
		{C6C6B9FE-20D0-482D-B2DE-AE1D842665E7}.Release|Any CPU.Build.0 = Release|Any CPU
		{FAFC5BB1-85F0-4E93-9744-9ED3BCE2423C}.Debug|Any CPU.ActiveCfg = Debug|Any CPU
		{FAFC5BB1-85F0-4E93-9744-9ED3BCE2423C}.Debug|Any CPU.Build.0 = Debug|Any CPU
		{FAFC5BB1-85F0-4E93-9744-9ED3BCE2423C}.Release|Any CPU.ActiveCfg = Release|Any CPU
		{FAFC5BB1-85F0-4E93-9744-9ED3BCE2423C}.Release|Any CPU.Build.0 = Release|Any CPU
		{3A849B17-5054-454B-9405-5422B45B714D}.Debug|Any CPU.ActiveCfg = Debug|Any CPU
		{3A849B17-5054-454B-9405-5422B45B714D}.Debug|Any CPU.Build.0 = Debug|Any CPU
		{3A849B17-5054-454B-9405-5422B45B714D}.Release|Any CPU.ActiveCfg = Release|Any CPU
		{3A849B17-5054-454B-9405-5422B45B714D}.Release|Any CPU.Build.0 = Release|Any CPU
		{56A6CF15-CBCD-416E-9783-40CA8C875175}.Debug|Any CPU.ActiveCfg = Debug|Any CPU
		{56A6CF15-CBCD-416E-9783-40CA8C875175}.Debug|Any CPU.Build.0 = Debug|Any CPU
		{56A6CF15-CBCD-416E-9783-40CA8C875175}.Release|Any CPU.ActiveCfg = Release|Any CPU
		{56A6CF15-CBCD-416E-9783-40CA8C875175}.Release|Any CPU.Build.0 = Release|Any CPU
		{1EE58D8C-6C0E-4E22-BDAF-1056046A38ED}.Debug|Any CPU.ActiveCfg = Debug|Any CPU
		{1EE58D8C-6C0E-4E22-BDAF-1056046A38ED}.Debug|Any CPU.Build.0 = Debug|Any CPU
		{1EE58D8C-6C0E-4E22-BDAF-1056046A38ED}.Release|Any CPU.ActiveCfg = Release|Any CPU
		{1EE58D8C-6C0E-4E22-BDAF-1056046A38ED}.Release|Any CPU.Build.0 = Release|Any CPU
		{A03FE3DC-0F2A-4C1D-9B8D-56C971BE78EF}.Debug|Any CPU.ActiveCfg = Debug|Any CPU
		{A03FE3DC-0F2A-4C1D-9B8D-56C971BE78EF}.Debug|Any CPU.Build.0 = Debug|Any CPU
		{A03FE3DC-0F2A-4C1D-9B8D-56C971BE78EF}.Release|Any CPU.ActiveCfg = Release|Any CPU
		{A03FE3DC-0F2A-4C1D-9B8D-56C971BE78EF}.Release|Any CPU.Build.0 = Release|Any CPU
		{7B680A68-F44F-4AC9-983E-075DD46DDBBC}.Debug|Any CPU.ActiveCfg = Debug|Any CPU
		{7B680A68-F44F-4AC9-983E-075DD46DDBBC}.Debug|Any CPU.Build.0 = Debug|Any CPU
		{7B680A68-F44F-4AC9-983E-075DD46DDBBC}.Release|Any CPU.ActiveCfg = Release|Any CPU
		{7B680A68-F44F-4AC9-983E-075DD46DDBBC}.Release|Any CPU.Build.0 = Release|Any CPU
		{287B9976-E6E9-4579-B7DA-38B11ECD185A}.Debug|Any CPU.ActiveCfg = Debug|Any CPU
		{287B9976-E6E9-4579-B7DA-38B11ECD185A}.Debug|Any CPU.Build.0 = Debug|Any CPU
		{287B9976-E6E9-4579-B7DA-38B11ECD185A}.Release|Any CPU.ActiveCfg = Release|Any CPU
		{287B9976-E6E9-4579-B7DA-38B11ECD185A}.Release|Any CPU.Build.0 = Release|Any CPU
	EndGlobalSection
	GlobalSection(SolutionProperties) = preSolution
		HideSolutionNode = FALSE
	EndGlobalSection
	GlobalSection(NestedProjects) = preSolution
		{F3290E90-FF3B-41E3-9369-2DD497A6054B} = {994BA298-1147-44D3-A2BA-3A5C297914AD}
		{EB5BC8C0-BA21-4CC5-A91E-1468017CA15C} = {994BA298-1147-44D3-A2BA-3A5C297914AD}
		{EC6C563D-04AC-4EB0-B570-4C458746F230} = {994BA298-1147-44D3-A2BA-3A5C297914AD}
		{4A960F2A-4215-442D-9FE7-DA7B45A95615} = {994BA298-1147-44D3-A2BA-3A5C297914AD}
		{425C57E2-B5B5-4CF7-BAFA-C654FD5762B9} = {D61CC2E7-DA52-4642-B2DE-C0324C933A65}
		{C6C6B9FE-20D0-482D-B2DE-AE1D842665E7} = {040EC018-9ED1-4C41-953E-D2D151CD1DA3}
		{FAFC5BB1-85F0-4E93-9744-9ED3BCE2423C} = {994BA298-1147-44D3-A2BA-3A5C297914AD}
		{3A849B17-5054-454B-9405-5422B45B714D} = {994BA298-1147-44D3-A2BA-3A5C297914AD}
		{56A6CF15-CBCD-416E-9783-40CA8C875175} = {994BA298-1147-44D3-A2BA-3A5C297914AD}
		{1EE58D8C-6C0E-4E22-BDAF-1056046A38ED} = {966B2C24-8259-4E1A-A2DE-45BDF99CA59B}
		{A03FE3DC-0F2A-4C1D-9B8D-56C971BE78EF} = {994BA298-1147-44D3-A2BA-3A5C297914AD}
		{7B680A68-F44F-4AC9-983E-075DD46DDBBC} = {966B2C24-8259-4E1A-A2DE-45BDF99CA59B}
		{287B9976-E6E9-4579-B7DA-38B11ECD185A} = {966B2C24-8259-4E1A-A2DE-45BDF99CA59B}
		{966B2C24-8259-4E1A-A2DE-45BDF99CA59B} = {D61CC2E7-DA52-4642-B2DE-C0324C933A65}
	EndGlobalSection
EndGlobal
