
Microsoft Visual Studio Solution File, Format Version 12.00
# Visual Studio 14
VisualStudioVersion = 14.0.23107.0
MinimumVisualStudioVersion = 10.0.40219.1
Project("{2150E333-8FDC-42A3-9474-1A3956D46DE8}") = "5_Infrastructure", "5_Infrastructure", "{994BA298-1147-44D3-A2BA-3A5C297914AD}"
EndProject
Project("{2150E333-8FDC-42A3-9474-1A3956D46DE8}") = "6_Test", "6_Test", "{D61CC2E7-DA52-4642-B2DE-C0324C933A65}"
EndProject
Project("{FAE04EC0-301F-11D3-BF4B-00C04F79EFBC}") = "Framework.Infrastructure.Container", "5_Infrastructure\Framework.Infrastructure.Container\Framework.Infrastructure.Container.csproj", "{F3290E90-FF3B-41E3-9369-2DD497A6054B}"
EndProject
Project("{FAE04EC0-301F-11D3-BF4B-00C04F79EFBC}") = "Framework.Infrastructure.Repository", "5_Infrastructure\Framework.Infrastructure.Repository\Framework.Infrastructure.Repository.csproj", "{EC6C563D-04AC-4EB0-B570-4C458746F230}"
EndProject
Project("{FAE04EC0-301F-11D3-BF4B-00C04F79EFBC}") = "Framework.Infrastructure.Repository.EF.SQLServer", "5_Infrastructure\Framework.Infrastructure.Repository.EF.SQLServer\Framework.Infrastructure.Repository.EF.SQLServer.csproj", "{3A849B17-5054-454B-9405-5422B45B714D}"
EndProject
Project("{FAE04EC0-301F-11D3-BF4B-00C04F79EFBC}") = "Framework.Infrastructure.Repository.EF", "5_Infrastructure\Framework.Infrastructure.Repository.EF\Framework.Infrastructure.Repository.EF.csproj", "{56A6CF15-CBCD-416E-9783-40CA8C875175}"
EndProject
Project("{FAE04EC0-301F-11D3-BF4B-00C04F79EFBC}") = "Test.Infrastructure.Repository.EF", "6_Test\Test.Infrastructure.Repository.EF\Test.Infrastructure.Repository.EF.csproj", "{1EE58D8C-6C0E-4E22-BDAF-1056046A38ED}"
EndProject
Project("{FAE04EC0-301F-11D3-BF4B-00C04F79EFBC}") = "Framework.Infrastructure.Repository.EF.MySql", "5_Infrastructure\Framework.Infrastructure.Repository.EF.MySql\Framework.Infrastructure.Repository.EF.MySql.csproj", "{A03FE3DC-0F2A-4C1D-9B8D-56C971BE78EF}"
EndProject
Project("{FAE04EC0-301F-11D3-BF4B-00C04F79EFBC}") = "Test.Infrastructure.Repository.EF.Metadata", "6_Test\Test.Infrastructure.Repository.EF.Metadata\Test.Infrastructure.Repository.EF.Metadata.csproj", "{7B680A68-F44F-4AC9-983E-075DD46DDBBC}"
EndProject
Project("{FAE04EC0-301F-11D3-BF4B-00C04F79EFBC}") = "Test.Infrastructure.Repository.EF.Config", "6_Test\Test.Infrastructure.Repository.EF.Config\Test.Infrastructure.Repository.EF.Config.csproj", "{287B9976-E6E9-4579-B7DA-38B11ECD185A}"
EndProject
Project("{2150E333-8FDC-42A3-9474-1A3956D46DE8}") = "Test.EntityFramework", "Test.EntityFramework", "{966B2C24-8259-4E1A-A2DE-45BDF99CA59B}"
EndProject
Project("{FAE04EC0-301F-11D3-BF4B-00C04F79EFBC}") = "Framework.Infrastructure.MemoryMap", "5_Infrastructure\Framework.Infrastructure.MemoryMap\Framework.Infrastructure.MemoryMap.csproj", "{86828A32-3F37-4DA1-90F9-453B0F1194C8}"
EndProject
Project("{FAE04EC0-301F-11D3-BF4B-00C04F79EFBC}") = "Test.Infrastructure.MemoryMap", "6_Test\Test.Infrastructure.MemoryMap\Test.Infrastructure.MemoryMap.csproj", "{6C87E5CF-6340-4786-A99A-12154401AC3B}"
EndProject
Project("{2150E333-8FDC-42A3-9474-1A3956D46DE8}") = "Repository", "Repository", "{7600299E-7599-4087-BE60-380D5296D54A}"
EndProject
Project("{2150E333-8FDC-42A3-9474-1A3956D46DE8}") = "2_DistributedService", "2_DistributedService", "{FF20AD0E-7FD4-4785-8FC5-2686E1598940}"
EndProject
Project("{FAE04EC0-301F-11D3-BF4B-00C04F79EFBC}") = "Framework.DistributedService", "2_DistributedService\Framework.DistributedService\Framework.DistributedService.csproj", "{A40855F6-CEDA-4464-976D-4BD9536365CE}"
EndProject
Project("{FAE04EC0-301F-11D3-BF4B-00C04F79EFBC}") = "Framework.Infrastructure.RESTful", "5_Infrastructure\Framework.Infrastructure.RESTful\Framework.Infrastructure.RESTful.csproj", "{6BCF4213-9883-40D9-909A-C539EB26EE77}"
EndProject
Project("{FAE04EC0-301F-11D3-BF4B-00C04F79EFBC}") = "Framework.Infrastructure.Repository.EF.SqlServerCe", "5_Infrastructure\Framework.Infrastructure.Repository.EF.SqlServerCe\Framework.Infrastructure.Repository.EF.SqlServerCe.csproj", "{8F0F9E32-F16B-4972-8EDE-D8F273BE9923}"
EndProject
Global
	GlobalSection(SolutionConfigurationPlatforms) = preSolution
		Debug|Any CPU = Debug|Any CPU
		Release|Any CPU = Release|Any CPU
	EndGlobalSection
	GlobalSection(ProjectConfigurationPlatforms) = postSolution
		{F3290E90-FF3B-41E3-9369-2DD497A6054B}.Debug|Any CPU.ActiveCfg = Debug|Any CPU
		{F3290E90-FF3B-41E3-9369-2DD497A6054B}.Debug|Any CPU.Build.0 = Debug|Any CPU
		{F3290E90-FF3B-41E3-9369-2DD497A6054B}.Release|Any CPU.ActiveCfg = Release|Any CPU
		{F3290E90-FF3B-41E3-9369-2DD497A6054B}.Release|Any CPU.Build.0 = Release|Any CPU
		{EC6C563D-04AC-4EB0-B570-4C458746F230}.Debug|Any CPU.ActiveCfg = Debug|Any CPU
		{EC6C563D-04AC-4EB0-B570-4C458746F230}.Debug|Any CPU.Build.0 = Debug|Any CPU
		{EC6C563D-04AC-4EB0-B570-4C458746F230}.Release|Any CPU.ActiveCfg = Release|Any CPU
		{EC6C563D-04AC-4EB0-B570-4C458746F230}.Release|Any CPU.Build.0 = Release|Any CPU
		{3A849B17-5054-454B-9405-5422B45B714D}.Debug|Any CPU.ActiveCfg = Debug|Any CPU
		{3A849B17-5054-454B-9405-5422B45B714D}.Debug|Any CPU.Build.0 = Debug|Any CPU
		{3A849B17-5054-454B-9405-5422B45B714D}.Release|Any CPU.ActiveCfg = Release|Any CPU
		{3A849B17-5054-454B-9405-5422B45B714D}.Release|Any CPU.Build.0 = Release|Any CPU
		{56A6CF15-CBCD-416E-9783-40CA8C875175}.Debug|Any CPU.ActiveCfg = Debug|Any CPU
		{56A6CF15-CBCD-416E-9783-40CA8C875175}.Debug|Any CPU.Build.0 = Debug|Any CPU
		{56A6CF15-CBCD-416E-9783-40CA8C875175}.Release|Any CPU.ActiveCfg = Release|Any CPU
		{56A6CF15-CBCD-416E-9783-40CA8C875175}.Release|Any CPU.Build.0 = Release|Any CPU
		{1EE58D8C-6C0E-4E22-BDAF-1056046A38ED}.Debug|Any CPU.ActiveCfg = Debug|Any CPU
		{1EE58D8C-6C0E-4E22-BDAF-1056046A38ED}.Debug|Any CPU.Build.0 = Debug|Any CPU
		{1EE58D8C-6C0E-4E22-BDAF-1056046A38ED}.Release|Any CPU.ActiveCfg = Release|Any CPU
		{1EE58D8C-6C0E-4E22-BDAF-1056046A38ED}.Release|Any CPU.Build.0 = Release|Any CPU
		{A03FE3DC-0F2A-4C1D-9B8D-56C971BE78EF}.Debug|Any CPU.ActiveCfg = Debug|Any CPU
		{A03FE3DC-0F2A-4C1D-9B8D-56C971BE78EF}.Debug|Any CPU.Build.0 = Debug|Any CPU
		{A03FE3DC-0F2A-4C1D-9B8D-56C971BE78EF}.Release|Any CPU.ActiveCfg = Release|Any CPU
		{A03FE3DC-0F2A-4C1D-9B8D-56C971BE78EF}.Release|Any CPU.Build.0 = Release|Any CPU
		{7B680A68-F44F-4AC9-983E-075DD46DDBBC}.Debug|Any CPU.ActiveCfg = Debug|Any CPU
		{7B680A68-F44F-4AC9-983E-075DD46DDBBC}.Debug|Any CPU.Build.0 = Debug|Any CPU
		{7B680A68-F44F-4AC9-983E-075DD46DDBBC}.Release|Any CPU.ActiveCfg = Release|Any CPU
		{7B680A68-F44F-4AC9-983E-075DD46DDBBC}.Release|Any CPU.Build.0 = Release|Any CPU
		{287B9976-E6E9-4579-B7DA-38B11ECD185A}.Debug|Any CPU.ActiveCfg = Debug|Any CPU
		{287B9976-E6E9-4579-B7DA-38B11ECD185A}.Debug|Any CPU.Build.0 = Debug|Any CPU
		{287B9976-E6E9-4579-B7DA-38B11ECD185A}.Release|Any CPU.ActiveCfg = Release|Any CPU
		{287B9976-E6E9-4579-B7DA-38B11ECD185A}.Release|Any CPU.Build.0 = Release|Any CPU
		{86828A32-3F37-4DA1-90F9-453B0F1194C8}.Debug|Any CPU.ActiveCfg = Debug|Any CPU
		{86828A32-3F37-4DA1-90F9-453B0F1194C8}.Debug|Any CPU.Build.0 = Debug|Any CPU
		{86828A32-3F37-4DA1-90F9-453B0F1194C8}.Release|Any CPU.ActiveCfg = Release|Any CPU
		{86828A32-3F37-4DA1-90F9-453B0F1194C8}.Release|Any CPU.Build.0 = Release|Any CPU
		{6C87E5CF-6340-4786-A99A-12154401AC3B}.Debug|Any CPU.ActiveCfg = Debug|Any CPU
		{6C87E5CF-6340-4786-A99A-12154401AC3B}.Debug|Any CPU.Build.0 = Debug|Any CPU
		{6C87E5CF-6340-4786-A99A-12154401AC3B}.Release|Any CPU.ActiveCfg = Release|Any CPU
		{6C87E5CF-6340-4786-A99A-12154401AC3B}.Release|Any CPU.Build.0 = Release|Any CPU
		{A40855F6-CEDA-4464-976D-4BD9536365CE}.Debug|Any CPU.ActiveCfg = Debug|Any CPU
		{A40855F6-CEDA-4464-976D-4BD9536365CE}.Debug|Any CPU.Build.0 = Debug|Any CPU
		{A40855F6-CEDA-4464-976D-4BD9536365CE}.Release|Any CPU.ActiveCfg = Release|Any CPU
		{A40855F6-CEDA-4464-976D-4BD9536365CE}.Release|Any CPU.Build.0 = Release|Any CPU
		{6BCF4213-9883-40D9-909A-C539EB26EE77}.Debug|Any CPU.ActiveCfg = Debug|Any CPU
		{6BCF4213-9883-40D9-909A-C539EB26EE77}.Debug|Any CPU.Build.0 = Debug|Any CPU
		{6BCF4213-9883-40D9-909A-C539EB26EE77}.Release|Any CPU.ActiveCfg = Release|Any CPU
		{6BCF4213-9883-40D9-909A-C539EB26EE77}.Release|Any CPU.Build.0 = Release|Any CPU
		{8F0F9E32-F16B-4972-8EDE-D8F273BE9923}.Debug|Any CPU.ActiveCfg = Debug|Any CPU
		{8F0F9E32-F16B-4972-8EDE-D8F273BE9923}.Debug|Any CPU.Build.0 = Debug|Any CPU
		{8F0F9E32-F16B-4972-8EDE-D8F273BE9923}.Release|Any CPU.ActiveCfg = Release|Any CPU
		{8F0F9E32-F16B-4972-8EDE-D8F273BE9923}.Release|Any CPU.Build.0 = Release|Any CPU
	EndGlobalSection
	GlobalSection(SolutionProperties) = preSolution
		HideSolutionNode = FALSE
	EndGlobalSection
	GlobalSection(NestedProjects) = preSolution
		{F3290E90-FF3B-41E3-9369-2DD497A6054B} = {994BA298-1147-44D3-A2BA-3A5C297914AD}
		{EC6C563D-04AC-4EB0-B570-4C458746F230} = {7600299E-7599-4087-BE60-380D5296D54A}
		{3A849B17-5054-454B-9405-5422B45B714D} = {7600299E-7599-4087-BE60-380D5296D54A}
		{56A6CF15-CBCD-416E-9783-40CA8C875175} = {7600299E-7599-4087-BE60-380D5296D54A}
		{1EE58D8C-6C0E-4E22-BDAF-1056046A38ED} = {966B2C24-8259-4E1A-A2DE-45BDF99CA59B}
		{A03FE3DC-0F2A-4C1D-9B8D-56C971BE78EF} = {7600299E-7599-4087-BE60-380D5296D54A}
		{7B680A68-F44F-4AC9-983E-075DD46DDBBC} = {966B2C24-8259-4E1A-A2DE-45BDF99CA59B}
		{287B9976-E6E9-4579-B7DA-38B11ECD185A} = {966B2C24-8259-4E1A-A2DE-45BDF99CA59B}
		{966B2C24-8259-4E1A-A2DE-45BDF99CA59B} = {D61CC2E7-DA52-4642-B2DE-C0324C933A65}
		{86828A32-3F37-4DA1-90F9-453B0F1194C8} = {994BA298-1147-44D3-A2BA-3A5C297914AD}
		{6C87E5CF-6340-4786-A99A-12154401AC3B} = {D61CC2E7-DA52-4642-B2DE-C0324C933A65}
		{7600299E-7599-4087-BE60-380D5296D54A} = {994BA298-1147-44D3-A2BA-3A5C297914AD}
		{A40855F6-CEDA-4464-976D-4BD9536365CE} = {FF20AD0E-7FD4-4785-8FC5-2686E1598940}
		{6BCF4213-9883-40D9-909A-C539EB26EE77} = {994BA298-1147-44D3-A2BA-3A5C297914AD}
		{8F0F9E32-F16B-4972-8EDE-D8F273BE9923} = {7600299E-7599-4087-BE60-380D5296D54A}
	EndGlobalSection
EndGlobal
